
Microsoft Visual Studio Solution File, Format Version 12.00
# Visual Studio Version 17
VisualStudioVersion = 17.7.34031.279
MinimumVisualStudioVersion = 10.0.40219.1
Project("{FAE04EC0-301F-11D3-BF4B-00C04F79EFBC}") = "7.2 высокий уровень зад 18", "7.2 высокий уровень зад 18\7.2 высокий уровень зад 18.csproj", "{DC06DA21-8EFB-4F12-9075-46FE973D3C09}"
EndProject
Global
	GlobalSection(SolutionConfigurationPlatforms) = preSolution
		Debug|Any CPU = Debug|Any CPU
		Release|Any CPU = Release|Any CPU
	EndGlobalSection
	GlobalSection(ProjectConfigurationPlatforms) = postSolution
		{DC06DA21-8EFB-4F12-9075-46FE973D3C09}.Debug|Any CPU.ActiveCfg = Debug|Any CPU
		{DC06DA21-8EFB-4F12-9075-46FE973D3C09}.Debug|Any CPU.Build.0 = Debug|Any CPU
		{DC06DA21-8EFB-4F12-9075-46FE973D3C09}.Release|Any CPU.ActiveCfg = Release|Any CPU
		{DC06DA21-8EFB-4F12-9075-46FE973D3C09}.Release|Any CPU.Build.0 = Release|Any CPU
	EndGlobalSection
	GlobalSection(SolutionProperties) = preSolution
		HideSolutionNode = FALSE
	EndGlobalSection
	GlobalSection(ExtensibilityGlobals) = postSolution
		SolutionGuid = {7140F4FD-948E-435E-9206-839609005F32}
	EndGlobalSection
EndGlobal
